// !$*UTF8*$!
{
	archiveVersion = 1;
	classes = {
	};
	objectVersion = 77;
	objects = {

/* Begin PBXBuildFile section */
		7F3761A02CD1B7DF000D2603 /* feedzap Extension.appex in Embed Foundation Extensions */ = {isa = PBXBuildFile; fileRef = 7F37619F2CD1B7DF000D2603 /* feedzap Extension.appex */; settings = {ATTRIBUTES = (RemoveHeadersOnCopy, ); }; };
		7F3761AA2CD1B7DF000D2603 /* feedzap Extension.appex in Embed Foundation Extensions */ = {isa = PBXBuildFile; fileRef = 7F3761A92CD1B7DF000D2603 /* feedzap Extension.appex */; settings = {ATTRIBUTES = (RemoveHeadersOnCopy, ); }; };
/* End PBXBuildFile section */

/* Begin PBXContainerItemProxy section */
		7F3761A12CD1B7DF000D2603 /* PBXContainerItemProxy */ = {
			isa = PBXContainerItemProxy;
			containerPortal = 7F3761652CD1B7DE000D2603 /* Project object */;
			proxyType = 1;
			remoteGlobalIDString = 7F37619E2CD1B7DF000D2603;
			remoteInfo = "feedzap Extension (iOS)";
		};
		7F3761AB2CD1B7DF000D2603 /* PBXContainerItemProxy */ = {
			isa = PBXContainerItemProxy;
			containerPortal = 7F3761652CD1B7DE000D2603 /* Project object */;
			proxyType = 1;
			remoteGlobalIDString = 7F3761A82CD1B7DF000D2603;
			remoteInfo = "feedzap Extension (macOS)";
		};
/* End PBXContainerItemProxy section */

/* Begin PBXCopyFilesBuildPhase section */
		7F3761D32CD1B7DF000D2603 /* Embed Foundation Extensions */ = {
			isa = PBXCopyFilesBuildPhase;
			buildActionMask = 2147483647;
			dstPath = "";
			dstSubfolderSpec = 13;
			files = (
				7F3761A02CD1B7DF000D2603 /* feedzap Extension.appex in Embed Foundation Extensions */,
			);
			name = "Embed Foundation Extensions";
			runOnlyForDeploymentPostprocessing = 0;
		};
		7F3761DD2CD1B7DF000D2603 /* Embed Foundation Extensions */ = {
			isa = PBXCopyFilesBuildPhase;
			buildActionMask = 2147483647;
			dstPath = "";
			dstSubfolderSpec = 13;
			files = (
				7F3761AA2CD1B7DF000D2603 /* feedzap Extension.appex in Embed Foundation Extensions */,
			);
			name = "Embed Foundation Extensions";
			runOnlyForDeploymentPostprocessing = 0;
		};
/* End PBXCopyFilesBuildPhase section */

/* Begin PBXFileReference section */
		7F3761812CD1B7DF000D2603 /* feedzap.app */ = {isa = PBXFileReference; explicitFileType = wrapper.application; includeInIndex = 0; path = feedzap.app; sourceTree = BUILT_PRODUCTS_DIR; };
		7F3761932CD1B7DF000D2603 /* feedzap.app */ = {isa = PBXFileReference; explicitFileType = wrapper.application; includeInIndex = 0; path = feedzap.app; sourceTree = BUILT_PRODUCTS_DIR; };
		7F37619F2CD1B7DF000D2603 /* feedzap Extension.appex */ = {isa = PBXFileReference; explicitFileType = "wrapper.app-extension"; includeInIndex = 0; path = "feedzap Extension.appex"; sourceTree = BUILT_PRODUCTS_DIR; };
		7F3761A92CD1B7DF000D2603 /* feedzap Extension.appex */ = {isa = PBXFileReference; explicitFileType = "wrapper.app-extension"; includeInIndex = 0; path = "feedzap Extension.appex"; sourceTree = BUILT_PRODUCTS_DIR; };
/* End PBXFileReference section */

/* Begin PBXFileSystemSynchronizedBuildFileExceptionSet section */
		7F3761CE2CD1B7DF000D2603 /* Exceptions for "Shared (App)" folder in "feedzap (iOS)" target */ = {
			isa = PBXFileSystemSynchronizedBuildFileExceptionSet;
			membershipExceptions = (
				"/Localized: Resources/Main.html",
				Assets.xcassets,
				Resources/Icon.png,
				Resources/Script.js,
				Resources/Style.css,
				ViewController.swift,
			);
			target = 7F3761802CD1B7DF000D2603 /* feedzap (iOS) */;
		};
		7F3761D22CD1B7DF000D2603 /* Exceptions for "iOS (Extension)" folder in "feedzap Extension (iOS)" target */ = {
			isa = PBXFileSystemSynchronizedBuildFileExceptionSet;
			membershipExceptions = (
				Info.plist,
			);
			target = 7F37619E2CD1B7DF000D2603 /* feedzap Extension (iOS) */;
		};
		7F3761D72CD1B7DF000D2603 /* Exceptions for "iOS (App)" folder in "feedzap (iOS)" target */ = {
			isa = PBXFileSystemSynchronizedBuildFileExceptionSet;
			membershipExceptions = (
				Info.plist,
			);
			target = 7F3761802CD1B7DF000D2603 /* feedzap (iOS) */;
		};
		7F3761D82CD1B7DF000D2603 /* Exceptions for "Shared (App)" folder in "feedzap (macOS)" target */ = {
			isa = PBXFileSystemSynchronizedBuildFileExceptionSet;
			membershipExceptions = (
				"/Localized: Resources/Main.html",
				Assets.xcassets,
				Resources/Icon.png,
				Resources/Script.js,
				Resources/Style.css,
				ViewController.swift,
			);
			target = 7F3761922CD1B7DF000D2603 /* feedzap (macOS) */;
		};
		7F3761DC2CD1B7DF000D2603 /* Exceptions for "macOS (Extension)" folder in "feedzap Extension (macOS)" target */ = {
			isa = PBXFileSystemSynchronizedBuildFileExceptionSet;
			membershipExceptions = (
				Info.plist,
			);
			target = 7F3761A82CD1B7DF000D2603 /* feedzap Extension (macOS) */;
		};
		7F3761E12CD1B7DF000D2603 /* Exceptions for "Shared (Extension)" folder in "feedzap Extension (iOS)" target */ = {
			isa = PBXFileSystemSynchronizedBuildFileExceptionSet;
			membershipExceptions = (
				Resources/_locales,
				Resources/background.js,
				Resources/content.js,
				Resources/images,
				Resources/manifest.json,
				Resources/popup.css,
				Resources/popup.html,
				Resources/popup.js,
				SafariWebExtensionHandler.swift,
			);
			target = 7F37619E2CD1B7DF000D2603 /* feedzap Extension (iOS) */;
		};
		7F3761E22CD1B7DF000D2603 /* Exceptions for "Shared (Extension)" folder in "feedzap Extension (macOS)" target */ = {
			isa = PBXFileSystemSynchronizedBuildFileExceptionSet;
			membershipExceptions = (
				Resources/_locales,
				Resources/background.js,
				Resources/content.js,
				Resources/images,
				Resources/manifest.json,
				Resources/popup.css,
				Resources/popup.html,
				Resources/popup.js,
				SafariWebExtensionHandler.swift,
			);
			target = 7F3761A82CD1B7DF000D2603 /* feedzap Extension (macOS) */;
		};
/* End PBXFileSystemSynchronizedBuildFileExceptionSet section */

/* Begin PBXFileSystemSynchronizedRootGroup section */
		7F3761692CD1B7DE000D2603 /* Shared (App) */ = {
			isa = PBXFileSystemSynchronizedRootGroup;
			exceptions = (
				7F3761CE2CD1B7DF000D2603 /* Exceptions for "Shared (App)" folder in "feedzap (iOS)" target */,
				7F3761D82CD1B7DF000D2603 /* Exceptions for "Shared (App)" folder in "feedzap (macOS)" target */,
			);
			path = "Shared (App)";
			sourceTree = "<group>";
		};
		7F3761722CD1B7DF000D2603 /* Shared (Extension) */ = {
			isa = PBXFileSystemSynchronizedRootGroup;
			exceptions = (
				7F3761E12CD1B7DF000D2603 /* Exceptions for "Shared (Extension)" folder in "feedzap Extension (iOS)" target */,
				7F3761E22CD1B7DF000D2603 /* Exceptions for "Shared (Extension)" folder in "feedzap Extension (macOS)" target */,
			);
			explicitFolders = (
				Resources/_locales,
				Resources/images,
			);
			path = "Shared (Extension)";
			sourceTree = "<group>";
		};
		7F3761832CD1B7DF000D2603 /* iOS (App) */ = {
			isa = PBXFileSystemSynchronizedRootGroup;
			exceptions = (
				7F3761D72CD1B7DF000D2603 /* Exceptions for "iOS (App)" folder in "feedzap (iOS)" target */,
			);
			path = "iOS (App)";
			sourceTree = "<group>";
		};
		7F3761942CD1B7DF000D2603 /* macOS (App) */ = {
			isa = PBXFileSystemSynchronizedRootGroup;
			path = "macOS (App)";
			sourceTree = "<group>";
		};
		7F3761A32CD1B7DF000D2603 /* iOS (Extension) */ = {
			isa = PBXFileSystemSynchronizedRootGroup;
			exceptions = (
				7F3761D22CD1B7DF000D2603 /* Exceptions for "iOS (Extension)" folder in "feedzap Extension (iOS)" target */,
			);
			path = "iOS (Extension)";
			sourceTree = "<group>";
		};
		7F3761AD2CD1B7DF000D2603 /* macOS (Extension) */ = {
			isa = PBXFileSystemSynchronizedRootGroup;
			exceptions = (
				7F3761DC2CD1B7DF000D2603 /* Exceptions for "macOS (Extension)" folder in "feedzap Extension (macOS)" target */,
			);
			path = "macOS (Extension)";
			sourceTree = "<group>";
		};
/* End PBXFileSystemSynchronizedRootGroup section */

/* Begin PBXFrameworksBuildPhase section */
		7F37617E2CD1B7DF000D2603 /* Frameworks */ = {
			isa = PBXFrameworksBuildPhase;
			buildActionMask = 2147483647;
			files = (
			);
			runOnlyForDeploymentPostprocessing = 0;
		};
		7F3761902CD1B7DF000D2603 /* Frameworks */ = {
			isa = PBXFrameworksBuildPhase;
			buildActionMask = 2147483647;
			files = (
			);
			runOnlyForDeploymentPostprocessing = 0;
		};
		7F37619C2CD1B7DF000D2603 /* Frameworks */ = {
			isa = PBXFrameworksBuildPhase;
			buildActionMask = 2147483647;
			files = (
			);
			runOnlyForDeploymentPostprocessing = 0;
		};
		7F3761A62CD1B7DF000D2603 /* Frameworks */ = {
			isa = PBXFrameworksBuildPhase;
			buildActionMask = 2147483647;
			files = (
			);
			runOnlyForDeploymentPostprocessing = 0;
		};
/* End PBXFrameworksBuildPhase section */

/* Begin PBXGroup section */
		7F3761642CD1B7DE000D2603 = {
			isa = PBXGroup;
			children = (
				7F3761692CD1B7DE000D2603 /* Shared (App) */,
				7F3761722CD1B7DF000D2603 /* Shared (Extension) */,
				7F3761832CD1B7DF000D2603 /* iOS (App) */,
				7F3761942CD1B7DF000D2603 /* macOS (App) */,
				7F3761A32CD1B7DF000D2603 /* iOS (Extension) */,
				7F3761AD2CD1B7DF000D2603 /* macOS (Extension) */,
				7F3761822CD1B7DF000D2603 /* Products */,
			);
			sourceTree = "<group>";
		};
		7F3761822CD1B7DF000D2603 /* Products */ = {
			isa = PBXGroup;
			children = (
				7F3761812CD1B7DF000D2603 /* feedzap.app */,
				7F3761932CD1B7DF000D2603 /* feedzap.app */,
				7F37619F2CD1B7DF000D2603 /* feedzap Extension.appex */,
				7F3761A92CD1B7DF000D2603 /* feedzap Extension.appex */,
			);
			name = Products;
			sourceTree = "<group>";
		};
/* End PBXGroup section */

/* Begin PBXNativeTarget section */
		7F3761802CD1B7DF000D2603 /* feedzap (iOS) */ = {
			isa = PBXNativeTarget;
			buildConfigurationList = 7F3761D42CD1B7DF000D2603 /* Build configuration list for PBXNativeTarget "feedzap (iOS)" */;
			buildPhases = (
				7F37617D2CD1B7DF000D2603 /* Sources */,
				7F37617E2CD1B7DF000D2603 /* Frameworks */,
				7F37617F2CD1B7DF000D2603 /* Resources */,
				7F3761D32CD1B7DF000D2603 /* Embed Foundation Extensions */,
			);
			buildRules = (
			);
			dependencies = (
				7F3761A22CD1B7DF000D2603 /* PBXTargetDependency */,
			);
			fileSystemSynchronizedGroups = (
				7F3761832CD1B7DF000D2603 /* iOS (App) */,
			);
			name = "feedzap (iOS)";
			packageProductDependencies = (
			);
			productName = "feedzap (iOS)";
			productReference = 7F3761812CD1B7DF000D2603 /* feedzap.app */;
			productType = "com.apple.product-type.application";
		};
		7F3761922CD1B7DF000D2603 /* feedzap (macOS) */ = {
			isa = PBXNativeTarget;
			buildConfigurationList = 7F3761DE2CD1B7DF000D2603 /* Build configuration list for PBXNativeTarget "feedzap (macOS)" */;
			buildPhases = (
				7F37618F2CD1B7DF000D2603 /* Sources */,
				7F3761902CD1B7DF000D2603 /* Frameworks */,
				7F3761912CD1B7DF000D2603 /* Resources */,
				7F3761DD2CD1B7DF000D2603 /* Embed Foundation Extensions */,
			);
			buildRules = (
			);
			dependencies = (
				7F3761AC2CD1B7DF000D2603 /* PBXTargetDependency */,
			);
			fileSystemSynchronizedGroups = (
				7F3761942CD1B7DF000D2603 /* macOS (App) */,
			);
			name = "feedzap (macOS)";
			packageProductDependencies = (
			);
			productName = "feedzap (macOS)";
			productReference = 7F3761932CD1B7DF000D2603 /* feedzap.app */;
			productType = "com.apple.product-type.application";
		};
		7F37619E2CD1B7DF000D2603 /* feedzap Extension (iOS) */ = {
			isa = PBXNativeTarget;
			buildConfigurationList = 7F3761CF2CD1B7DF000D2603 /* Build configuration list for PBXNativeTarget "feedzap Extension (iOS)" */;
			buildPhases = (
				7F37619B2CD1B7DF000D2603 /* Sources */,
				7F37619C2CD1B7DF000D2603 /* Frameworks */,
				7F37619D2CD1B7DF000D2603 /* Resources */,
			);
			buildRules = (
			);
			dependencies = (
			);
			fileSystemSynchronizedGroups = (
				7F3761A32CD1B7DF000D2603 /* iOS (Extension) */,
			);
			name = "feedzap Extension (iOS)";
			packageProductDependencies = (
			);
			productName = "feedzap Extension (iOS)";
			productReference = 7F37619F2CD1B7DF000D2603 /* feedzap Extension.appex */;
			productType = "com.apple.product-type.app-extension";
		};
		7F3761A82CD1B7DF000D2603 /* feedzap Extension (macOS) */ = {
			isa = PBXNativeTarget;
			buildConfigurationList = 7F3761D92CD1B7DF000D2603 /* Build configuration list for PBXNativeTarget "feedzap Extension (macOS)" */;
			buildPhases = (
				7F3761A52CD1B7DF000D2603 /* Sources */,
				7F3761A62CD1B7DF000D2603 /* Frameworks */,
				7F3761A72CD1B7DF000D2603 /* Resources */,
			);
			buildRules = (
			);
			dependencies = (
			);
			fileSystemSynchronizedGroups = (
				7F3761AD2CD1B7DF000D2603 /* macOS (Extension) */,
			);
			name = "feedzap Extension (macOS)";
			packageProductDependencies = (
			);
			productName = "feedzap Extension (macOS)";
			productReference = 7F3761A92CD1B7DF000D2603 /* feedzap Extension.appex */;
			productType = "com.apple.product-type.app-extension";
		};
/* End PBXNativeTarget section */

/* Begin PBXProject section */
		7F3761652CD1B7DE000D2603 /* Project object */ = {
			isa = PBXProject;
			attributes = {
				BuildIndependentTargetsInParallel = 1;
				LastSwiftUpdateCheck = 1600;
				LastUpgradeCheck = 1600;
				TargetAttributes = {
					7F3761802CD1B7DF000D2603 = {
						CreatedOnToolsVersion = 16.0;
					};
					7F3761922CD1B7DF000D2603 = {
						CreatedOnToolsVersion = 16.0;
					};
					7F37619E2CD1B7DF000D2603 = {
						CreatedOnToolsVersion = 16.0;
					};
					7F3761A82CD1B7DF000D2603 = {
						CreatedOnToolsVersion = 16.0;
					};
				};
			};
			buildConfigurationList = 7F3761682CD1B7DE000D2603 /* Build configuration list for PBXProject "feedzap" */;
			developmentRegion = en;
			hasScannedForEncodings = 0;
			knownRegions = (
				en,
				Base,
			);
			mainGroup = 7F3761642CD1B7DE000D2603;
			minimizedProjectReferenceProxies = 1;
			preferredProjectObjectVersion = 77;
			productRefGroup = 7F3761822CD1B7DF000D2603 /* Products */;
			projectDirPath = "";
			projectRoot = "";
			targets = (
				7F3761802CD1B7DF000D2603 /* feedzap (iOS) */,
				7F3761922CD1B7DF000D2603 /* feedzap (macOS) */,
				7F37619E2CD1B7DF000D2603 /* feedzap Extension (iOS) */,
				7F3761A82CD1B7DF000D2603 /* feedzap Extension (macOS) */,
			);
		};
/* End PBXProject section */

/* Begin PBXResourcesBuildPhase section */
		7F37617F2CD1B7DF000D2603 /* Resources */ = {
			isa = PBXResourcesBuildPhase;
			buildActionMask = 2147483647;
			files = (
			);
			runOnlyForDeploymentPostprocessing = 0;
		};
		7F3761912CD1B7DF000D2603 /* Resources */ = {
			isa = PBXResourcesBuildPhase;
			buildActionMask = 2147483647;
			files = (
			);
			runOnlyForDeploymentPostprocessing = 0;
		};
		7F37619D2CD1B7DF000D2603 /* Resources */ = {
			isa = PBXResourcesBuildPhase;
			buildActionMask = 2147483647;
			files = (
			);
			runOnlyForDeploymentPostprocessing = 0;
		};
		7F3761A72CD1B7DF000D2603 /* Resources */ = {
			isa = PBXResourcesBuildPhase;
			buildActionMask = 2147483647;
			files = (
			);
			runOnlyForDeploymentPostprocessing = 0;
		};
/* End PBXResourcesBuildPhase section */

/* Begin PBXSourcesBuildPhase section */
		7F37617D2CD1B7DF000D2603 /* Sources */ = {
			isa = PBXSourcesBuildPhase;
			buildActionMask = 2147483647;
			files = (
			);
			runOnlyForDeploymentPostprocessing = 0;
		};
		7F37618F2CD1B7DF000D2603 /* Sources */ = {
			isa = PBXSourcesBuildPhase;
			buildActionMask = 2147483647;
			files = (
			);
			runOnlyForDeploymentPostprocessing = 0;
		};
		7F37619B2CD1B7DF000D2603 /* Sources */ = {
			isa = PBXSourcesBuildPhase;
			buildActionMask = 2147483647;
			files = (
			);
			runOnlyForDeploymentPostprocessing = 0;
		};
		7F3761A52CD1B7DF000D2603 /* Sources */ = {
			isa = PBXSourcesBuildPhase;
			buildActionMask = 2147483647;
			files = (
			);
			runOnlyForDeploymentPostprocessing = 0;
		};
/* End PBXSourcesBuildPhase section */

/* Begin PBXTargetDependency section */
		7F3761A22CD1B7DF000D2603 /* PBXTargetDependency */ = {
			isa = PBXTargetDependency;
			target = 7F37619E2CD1B7DF000D2603 /* feedzap Extension (iOS) */;
			targetProxy = 7F3761A12CD1B7DF000D2603 /* PBXContainerItemProxy */;
		};
		7F3761AC2CD1B7DF000D2603 /* PBXTargetDependency */ = {
			isa = PBXTargetDependency;
			target = 7F3761A82CD1B7DF000D2603 /* feedzap Extension (macOS) */;
			targetProxy = 7F3761AB2CD1B7DF000D2603 /* PBXContainerItemProxy */;
		};
/* End PBXTargetDependency section */

/* Begin XCBuildConfiguration section */
		7F3761D02CD1B7DF000D2603 /* Debug */ = {
			isa = XCBuildConfiguration;
			buildSettings = {
				CODE_SIGN_STYLE = Automatic;
				CURRENT_PROJECT_VERSION = 1;
				DEVELOPMENT_TEAM = JU72232S5L;
				GENERATE_INFOPLIST_FILE = YES;
				INFOPLIST_FILE = "iOS (Extension)/Info.plist";
				INFOPLIST_KEY_CFBundleDisplayName = "feedzap Extension";
				INFOPLIST_KEY_NSHumanReadableCopyright = "";
				IPHONEOS_DEPLOYMENT_TARGET = 15.0;
				LD_RUNPATH_SEARCH_PATHS = (
					"$(inherited)",
					"@executable_path/Frameworks",
					"@executable_path/../../Frameworks",
				);
				MARKETING_VERSION = 1.0;
				OTHER_LDFLAGS = (
					"-framework",
					SafariServices,
				);
				PRODUCT_BUNDLE_IDENTIFIER = com.riegerjared.feedzap.ios.Extension;
				PRODUCT_NAME = "feedzap Extension";
				SDKROOT = iphoneos;
				SKIP_INSTALL = YES;
				SWIFT_EMIT_LOC_STRINGS = YES;
				SWIFT_VERSION = 5.0;
				TARGETED_DEVICE_FAMILY = "1,2";
			};
			name = Debug;
		};
		7F3761D12CD1B7DF000D2603 /* Release */ = {
			isa = XCBuildConfiguration;
			buildSettings = {
				CODE_SIGN_STYLE = Automatic;
				CURRENT_PROJECT_VERSION = 1;
				DEVELOPMENT_TEAM = JU72232S5L;
				GENERATE_INFOPLIST_FILE = YES;
				INFOPLIST_FILE = "iOS (Extension)/Info.plist";
				INFOPLIST_KEY_CFBundleDisplayName = "feedzap Extension";
				INFOPLIST_KEY_NSHumanReadableCopyright = "";
				IPHONEOS_DEPLOYMENT_TARGET = 15.0;
				LD_RUNPATH_SEARCH_PATHS = (
					"$(inherited)",
					"@executable_path/Frameworks",
					"@executable_path/../../Frameworks",
				);
				MARKETING_VERSION = 1.0;
				OTHER_LDFLAGS = (
					"-framework",
					SafariServices,
				);
				PRODUCT_BUNDLE_IDENTIFIER = com.riegerjared.feedzap.ios.Extension;
				PRODUCT_NAME = "feedzap Extension";
				SDKROOT = iphoneos;
				SKIP_INSTALL = YES;
				SWIFT_EMIT_LOC_STRINGS = YES;
				SWIFT_VERSION = 5.0;
				TARGETED_DEVICE_FAMILY = "1,2";
				VALIDATE_PRODUCT = YES;
			};
			name = Release;
		};
		7F3761D52CD1B7DF000D2603 /* Debug */ = {
			isa = XCBuildConfiguration;
			buildSettings = {
				ASSETCATALOG_COMPILER_APPICON_NAME = AppIcon;
				ASSETCATALOG_COMPILER_GLOBAL_ACCENT_COLOR_NAME = AccentColor;
				CODE_SIGN_STYLE = Automatic;
				CURRENT_PROJECT_VERSION = 1;
				DEVELOPMENT_TEAM = JU72232S5L;
				GENERATE_INFOPLIST_FILE = YES;
				INFOPLIST_FILE = "iOS (App)/Info.plist";
				INFOPLIST_KEY_CFBundleDisplayName = feedzap;
				INFOPLIST_KEY_UIApplicationSupportsIndirectInputEvents = YES;
				INFOPLIST_KEY_UILaunchStoryboardName = LaunchScreen;
				INFOPLIST_KEY_UIMainStoryboardFile = Main;
				INFOPLIST_KEY_UISupportedInterfaceOrientations = "UIInterfaceOrientationPortrait UIInterfaceOrientationLandscapeLeft UIInterfaceOrientationLandscapeRight";
				INFOPLIST_KEY_UISupportedInterfaceOrientations_iPad = "UIInterfaceOrientationPortrait UIInterfaceOrientationPortraitUpsideDown UIInterfaceOrientationLandscapeLeft UIInterfaceOrientationLandscapeRight";
				IPHONEOS_DEPLOYMENT_TARGET = 15.0;
				LD_RUNPATH_SEARCH_PATHS = (
					"$(inherited)",
					"@executable_path/Frameworks",
				);
				MARKETING_VERSION = 1.0;
				OTHER_LDFLAGS = (
					"-framework",
					SafariServices,
					"-framework",
					WebKit,
				);
				PRODUCT_BUNDLE_IDENTIFIER = com.riegerjared.feedzap.ios;
				PRODUCT_NAME = feedzap;
				SDKROOT = iphoneos;
				SWIFT_EMIT_LOC_STRINGS = YES;
				SWIFT_VERSION = 5.0;
				TARGETED_DEVICE_FAMILY = "1,2";
			};
			name = Debug;
		};
		7F3761D62CD1B7DF000D2603 /* Release */ = {
			isa = XCBuildConfiguration;
			buildSettings = {
				ASSETCATALOG_COMPILER_APPICON_NAME = AppIcon;
				ASSETCATALOG_COMPILER_GLOBAL_ACCENT_COLOR_NAME = AccentColor;
				CODE_SIGN_STYLE = Automatic;
				CURRENT_PROJECT_VERSION = 1;
				DEVELOPMENT_TEAM = JU72232S5L;
				GENERATE_INFOPLIST_FILE = YES;
				INFOPLIST_FILE = "iOS (App)/Info.plist";
				INFOPLIST_KEY_CFBundleDisplayName = feedzap;
				INFOPLIST_KEY_UIApplicationSupportsIndirectInputEvents = YES;
				INFOPLIST_KEY_UILaunchStoryboardName = LaunchScreen;
				INFOPLIST_KEY_UIMainStoryboardFile = Main;
				INFOPLIST_KEY_UISupportedInterfaceOrientations = "UIInterfaceOrientationPortrait UIInterfaceOrientationLandscapeLeft UIInterfaceOrientationLandscapeRight";
				INFOPLIST_KEY_UISupportedInterfaceOrientations_iPad = "UIInterfaceOrientationPortrait UIInterfaceOrientationPortraitUpsideDown UIInterfaceOrientationLandscapeLeft UIInterfaceOrientationLandscapeRight";
				IPHONEOS_DEPLOYMENT_TARGET = 15.0;
				LD_RUNPATH_SEARCH_PATHS = (
					"$(inherited)",
					"@executable_path/Frameworks",
				);
				MARKETING_VERSION = 1.0;
				OTHER_LDFLAGS = (
					"-framework",
					SafariServices,
					"-framework",
					WebKit,
				);
				PRODUCT_BUNDLE_IDENTIFIER = com.riegerjared.feedzap.ios;
				PRODUCT_NAME = feedzap;
				SDKROOT = iphoneos;
				SWIFT_EMIT_LOC_STRINGS = YES;
				SWIFT_VERSION = 5.0;
				TARGETED_DEVICE_FAMILY = "1,2";
				VALIDATE_PRODUCT = YES;
			};
			name = Release;
		};
		7F3761DA2CD1B7DF000D2603 /* Debug */ = {
			isa = XCBuildConfiguration;
			buildSettings = {
				CODE_SIGN_ENTITLEMENTS = "macOS (Extension)/feedzap.entitlements";
				CODE_SIGN_STYLE = Automatic;
				CURRENT_PROJECT_VERSION = 1;
				DEVELOPMENT_TEAM = JU72232S5L;
				ENABLE_HARDENED_RUNTIME = YES;
				GENERATE_INFOPLIST_FILE = YES;
				INFOPLIST_FILE = "macOS (Extension)/Info.plist";
				INFOPLIST_KEY_CFBundleDisplayName = "feedzap Extension";
				INFOPLIST_KEY_NSHumanReadableCopyright = "";
				LD_RUNPATH_SEARCH_PATHS = (
					"$(inherited)",
					"@executable_path/../Frameworks",
					"@executable_path/../../../../Frameworks",
				);
				MACOSX_DEPLOYMENT_TARGET = 10.14;
				MARKETING_VERSION = 1.0;
				OTHER_LDFLAGS = (
					"-framework",
					SafariServices,
				);
				PRODUCT_BUNDLE_IDENTIFIER = com.riegerjared.feedzap.macos.Extension;
				PRODUCT_NAME = "feedzap Extension";
				SDKROOT = macosx;
				SKIP_INSTALL = YES;
				SWIFT_EMIT_LOC_STRINGS = YES;
				SWIFT_VERSION = 5.0;
			};
			name = Debug;
		};
		7F3761DB2CD1B7DF000D2603 /* Release */ = {
			isa = XCBuildConfiguration;
			buildSettings = {
				CODE_SIGN_ENTITLEMENTS = "macOS (Extension)/feedzap.entitlements";
				CODE_SIGN_STYLE = Automatic;
				CURRENT_PROJECT_VERSION = 1;
				DEVELOPMENT_TEAM = JU72232S5L;
				ENABLE_HARDENED_RUNTIME = YES;
				GENERATE_INFOPLIST_FILE = YES;
				INFOPLIST_FILE = "macOS (Extension)/Info.plist";
				INFOPLIST_KEY_CFBundleDisplayName = "feedzap Extension";
				INFOPLIST_KEY_NSHumanReadableCopyright = "";
				LD_RUNPATH_SEARCH_PATHS = (
					"$(inherited)",
					"@executable_path/../Frameworks",
					"@executable_path/../../../../Frameworks",
				);
				MACOSX_DEPLOYMENT_TARGET = 10.14;
				MARKETING_VERSION = 1.0;
				OTHER_LDFLAGS = (
					"-framework",
					SafariServices,
				);
				PRODUCT_BUNDLE_IDENTIFIER = com.riegerjared.feedzap.macos.Extension;
				PRODUCT_NAME = "feedzap Extension";
				SDKROOT = macosx;
				SKIP_INSTALL = YES;
				SWIFT_EMIT_LOC_STRINGS = YES;
				SWIFT_VERSION = 5.0;
			};
			name = Release;
		};
		7F3761DF2CD1B7DF000D2603 /* Debug */ = {
			isa = XCBuildConfiguration;
			buildSettings = {
				ASSETCATALOG_COMPILER_APPICON_NAME = AppIcon;
				ASSETCATALOG_COMPILER_GLOBAL_ACCENT_COLOR_NAME = AccentColor;
				CODE_SIGN_ENTITLEMENTS = "macOS (App)/feedzap.entitlements";
				CODE_SIGN_STYLE = Automatic;
				CURRENT_PROJECT_VERSION = 1;
				DEVELOPMENT_TEAM = JU72232S5L;
				ENABLE_HARDENED_RUNTIME = YES;
				GENERATE_INFOPLIST_FILE = YES;
				INFOPLIST_KEY_CFBundleDisplayName = feedzap;
				INFOPLIST_KEY_NSMainStoryboardFile = Main;
				INFOPLIST_KEY_NSPrincipalClass = NSApplication;
				LD_RUNPATH_SEARCH_PATHS = (
					"$(inherited)",
					"@executable_path/../Frameworks",
				);
				MACOSX_DEPLOYMENT_TARGET = 10.14;
				MARKETING_VERSION = 1.0;
				OTHER_LDFLAGS = (
					"-framework",
					SafariServices,
					"-framework",
					WebKit,
				);
				PRODUCT_BUNDLE_IDENTIFIER = com.riegerjared.feedzap.macos;
				PRODUCT_NAME = feedzap;
				SDKROOT = macosx;
				SWIFT_EMIT_LOC_STRINGS = YES;
				SWIFT_VERSION = 5.0;
			};
			name = Debug;
		};
		7F3761E02CD1B7DF000D2603 /* Release */ = {
			isa = XCBuildConfiguration;
			buildSettings = {
				ASSETCATALOG_COMPILER_APPICON_NAME = AppIcon;
				ASSETCATALOG_COMPILER_GLOBAL_ACCENT_COLOR_NAME = AccentColor;
				CODE_SIGN_ENTITLEMENTS = "macOS (App)/feedzap.entitlements";
				CODE_SIGN_STYLE = Automatic;
				CURRENT_PROJECT_VERSION = 1;
				DEVELOPMENT_TEAM = JU72232S5L;
				ENABLE_HARDENED_RUNTIME = YES;
				GENERATE_INFOPLIST_FILE = YES;
				INFOPLIST_KEY_CFBundleDisplayName = feedzap;
				INFOPLIST_KEY_NSMainStoryboardFile = Main;
				INFOPLIST_KEY_NSPrincipalClass = NSApplication;
				LD_RUNPATH_SEARCH_PATHS = (
					"$(inherited)",
					"@executable_path/../Frameworks",
				);
				MACOSX_DEPLOYMENT_TARGET = 10.14;
				MARKETING_VERSION = 1.0;
				OTHER_LDFLAGS = (
					"-framework",
					SafariServices,
					"-framework",
					WebKit,
				);
				PRODUCT_BUNDLE_IDENTIFIER = com.riegerjared.feedzap.macos;
				PRODUCT_NAME = feedzap;
				SDKROOT = macosx;
				SWIFT_EMIT_LOC_STRINGS = YES;
				SWIFT_VERSION = 5.0;
			};
			name = Release;
		};
		7F3761E32CD1B7DF000D2603 /* Debug */ = {
			isa = XCBuildConfiguration;
			buildSettings = {
				ALWAYS_SEARCH_USER_PATHS = NO;
				ASSETCATALOG_COMPILER_GENERATE_SWIFT_ASSET_SYMBOL_EXTENSIONS = YES;
				CLANG_ANALYZER_NONNULL = YES;
				CLANG_ANALYZER_NUMBER_OBJECT_CONVERSION = YES_AGGRESSIVE;
				CLANG_CXX_LANGUAGE_STANDARD = "gnu++20";
				CLANG_ENABLE_MODULES = YES;
				CLANG_ENABLE_OBJC_ARC = YES;
				CLANG_ENABLE_OBJC_WEAK = YES;
				CLANG_WARN_BLOCK_CAPTURE_AUTORELEASING = YES;
				CLANG_WARN_BOOL_CONVERSION = YES;
				CLANG_WARN_COMMA = YES;
				CLANG_WARN_CONSTANT_CONVERSION = YES;
				CLANG_WARN_DEPRECATED_OBJC_IMPLEMENTATIONS = YES;
				CLANG_WARN_DIRECT_OBJC_ISA_USAGE = YES_ERROR;
				CLANG_WARN_DOCUMENTATION_COMMENTS = YES;
				CLANG_WARN_EMPTY_BODY = YES;
				CLANG_WARN_ENUM_CONVERSION = YES;
				CLANG_WARN_INFINITE_RECURSION = YES;
				CLANG_WARN_INT_CONVERSION = YES;
				CLANG_WARN_NON_LITERAL_NULL_CONVERSION = YES;
				CLANG_WARN_OBJC_IMPLICIT_RETAIN_SELF = YES;
				CLANG_WARN_OBJC_LITERAL_CONVERSION = YES;
				CLANG_WARN_OBJC_ROOT_CLASS = YES_ERROR;
				CLANG_WARN_QUOTED_INCLUDE_IN_FRAMEWORK_HEADER = YES;
				CLANG_WARN_RANGE_LOOP_ANALYSIS = YES;
				CLANG_WARN_STRICT_PROTOTYPES = YES;
				CLANG_WARN_SUSPICIOUS_MOVE = YES;
				CLANG_WARN_UNGUARDED_AVAILABILITY = YES_AGGRESSIVE;
				CLANG_WARN_UNREACHABLE_CODE = YES;
				CLANG_WARN__DUPLICATE_METHOD_MATCH = YES;
				COPY_PHASE_STRIP = NO;
				DEBUG_INFORMATION_FORMAT = dwarf;
				ENABLE_STRICT_OBJC_MSGSEND = YES;
				ENABLE_TESTABILITY = YES;
				ENABLE_USER_SCRIPT_SANDBOXING = YES;
				GCC_C_LANGUAGE_STANDARD = gnu17;
				GCC_DYNAMIC_NO_PIC = NO;
				GCC_NO_COMMON_BLOCKS = YES;
				GCC_OPTIMIZATION_LEVEL = 0;
				GCC_PREPROCESSOR_DEFINITIONS = (
					"DEBUG=1",
					"$(inherited)",
				);
				GCC_WARN_64_TO_32_BIT_CONVERSION = YES;
				GCC_WARN_ABOUT_RETURN_TYPE = YES_ERROR;
				GCC_WARN_UNDECLARED_SELECTOR = YES;
				GCC_WARN_UNINITIALIZED_AUTOS = YES_AGGRESSIVE;
				GCC_WARN_UNUSED_FUNCTION = YES;
				GCC_WARN_UNUSED_VARIABLE = YES;
				LOCALIZATION_PREFERS_STRING_CATALOGS = YES;
				MTL_ENABLE_DEBUG_INFO = INCLUDE_SOURCE;
				MTL_FAST_MATH = YES;
				ONLY_ACTIVE_ARCH = YES;
				SWIFT_ACTIVE_COMPILATION_CONDITIONS = "DEBUG $(inherited)";
				SWIFT_OPTIMIZATION_LEVEL = "-Onone";
			};
			name = Debug;
		};
		7F3761E42CD1B7DF000D2603 /* Release */ = {
			isa = XCBuildConfiguration;
			buildSettings = {
				ALWAYS_SEARCH_USER_PATHS = NO;
				ASSETCATALOG_COMPILER_GENERATE_SWIFT_ASSET_SYMBOL_EXTENSIONS = YES;
				CLANG_ANALYZER_NONNULL = YES;
				CLANG_ANALYZER_NUMBER_OBJECT_CONVERSION = YES_AGGRESSIVE;
				CLANG_CXX_LANGUAGE_STANDARD = "gnu++20";
				CLANG_ENABLE_MODULES = YES;
				CLANG_ENABLE_OBJC_ARC = YES;
				CLANG_ENABLE_OBJC_WEAK = YES;
				CLANG_WARN_BLOCK_CAPTURE_AUTORELEASING = YES;
				CLANG_WARN_BOOL_CONVERSION = YES;
				CLANG_WARN_COMMA = YES;
				CLANG_WARN_CONSTANT_CONVERSION = YES;
				CLANG_WARN_DEPRECATED_OBJC_IMPLEMENTATIONS = YES;
				CLANG_WARN_DIRECT_OBJC_ISA_USAGE = YES_ERROR;
				CLANG_WARN_DOCUMENTATION_COMMENTS = YES;
				CLANG_WARN_EMPTY_BODY = YES;
				CLANG_WARN_ENUM_CONVERSION = YES;
				CLANG_WARN_INFINITE_RECURSION = YES;
				CLANG_WARN_INT_CONVERSION = YES;
				CLANG_WARN_NON_LITERAL_NULL_CONVERSION = YES;
				CLANG_WARN_OBJC_IMPLICIT_RETAIN_SELF = YES;
				CLANG_WARN_OBJC_LITERAL_CONVERSION = YES;
				CLANG_WARN_OBJC_ROOT_CLASS = YES_ERROR;
				CLANG_WARN_QUOTED_INCLUDE_IN_FRAMEWORK_HEADER = YES;
				CLANG_WARN_RANGE_LOOP_ANALYSIS = YES;
				CLANG_WARN_STRICT_PROTOTYPES = YES;
				CLANG_WARN_SUSPICIOUS_MOVE = YES;
				CLANG_WARN_UNGUARDED_AVAILABILITY = YES_AGGRESSIVE;
				CLANG_WARN_UNREACHABLE_CODE = YES;
				CLANG_WARN__DUPLICATE_METHOD_MATCH = YES;
				COPY_PHASE_STRIP = NO;
				DEBUG_INFORMATION_FORMAT = "dwarf-with-dsym";
				ENABLE_NS_ASSERTIONS = NO;
				ENABLE_STRICT_OBJC_MSGSEND = YES;
				ENABLE_USER_SCRIPT_SANDBOXING = YES;
				GCC_C_LANGUAGE_STANDARD = gnu17;
				GCC_NO_COMMON_BLOCKS = YES;
				GCC_WARN_64_TO_32_BIT_CONVERSION = YES;
				GCC_WARN_ABOUT_RETURN_TYPE = YES_ERROR;
				GCC_WARN_UNDECLARED_SELECTOR = YES;
				GCC_WARN_UNINITIALIZED_AUTOS = YES_AGGRESSIVE;
				GCC_WARN_UNUSED_FUNCTION = YES;
				GCC_WARN_UNUSED_VARIABLE = YES;
				LOCALIZATION_PREFERS_STRING_CATALOGS = YES;
				MTL_ENABLE_DEBUG_INFO = NO;
				MTL_FAST_MATH = YES;
				SWIFT_COMPILATION_MODE = wholemodule;
			};
			name = Release;
		};
/* End XCBuildConfiguration section */

/* Begin XCConfigurationList section */
		7F3761682CD1B7DE000D2603 /* Build configuration list for PBXProject "feedzap" */ = {
			isa = XCConfigurationList;
			buildConfigurations = (
				7F3761E32CD1B7DF000D2603 /* Debug */,
				7F3761E42CD1B7DF000D2603 /* Release */,
			);
			defaultConfigurationIsVisible = 0;
			defaultConfigurationName = Release;
		};
		7F3761CF2CD1B7DF000D2603 /* Build configuration list for PBXNativeTarget "feedzap Extension (iOS)" */ = {
			isa = XCConfigurationList;
			buildConfigurations = (
				7F3761D02CD1B7DF000D2603 /* Debug */,
				7F3761D12CD1B7DF000D2603 /* Release */,
			);
			defaultConfigurationIsVisible = 0;
			defaultConfigurationName = Release;
		};
		7F3761D42CD1B7DF000D2603 /* Build configuration list for PBXNativeTarget "feedzap (iOS)" */ = {
			isa = XCConfigurationList;
			buildConfigurations = (
				7F3761D52CD1B7DF000D2603 /* Debug */,
				7F3761D62CD1B7DF000D2603 /* Release */,
			);
			defaultConfigurationIsVisible = 0;
			defaultConfigurationName = Release;
		};
		7F3761D92CD1B7DF000D2603 /* Build configuration list for PBXNativeTarget "feedzap Extension (macOS)" */ = {
			isa = XCConfigurationList;
			buildConfigurations = (
				7F3761DA2CD1B7DF000D2603 /* Debug */,
				7F3761DB2CD1B7DF000D2603 /* Release */,
			);
			defaultConfigurationIsVisible = 0;
			defaultConfigurationName = Release;
		};
		7F3761DE2CD1B7DF000D2603 /* Build configuration list for PBXNativeTarget "feedzap (macOS)" */ = {
			isa = XCConfigurationList;
			buildConfigurations = (
				7F3761DF2CD1B7DF000D2603 /* Debug */,
				7F3761E02CD1B7DF000D2603 /* Release */,
			);
			defaultConfigurationIsVisible = 0;
			defaultConfigurationName = Release;
		};
/* End XCConfigurationList section */
	};
	rootObject = 7F3761652CD1B7DE000D2603 /* Project object */;
}
